<?xml version="1.0" encoding="utf-8"?>
<Project ToolsVersion="4.0" xmlns="http://schemas.microsoft.com/developer/msbuild/2003">
  <ItemGroup>
    <Filter Include="source">
      <UniqueIdentifier>{b1f6ec99-4bfe-4579-8e27-6b1e3b16cb92}</UniqueIdentifier>
      <Extensions>cpp;c;cxx;def;odl;idl;hpj;bat;asm</Extensions>
    </Filter>
    <Filter Include="include">
      <UniqueIdentifier>{67a7f3ba-35a4-418e-8f18-7a2dbc5accd1}</UniqueIdentifier>
      <Extensions>h;hpp;hxx;hm;inl;inc</Extensions>
    </Filter>
    <Filter Include="resource">
      <UniqueIdentifier>{d780ac69-b888-4eb2-81cc-e95260ed63eb}</UniqueIdentifier>
      <Extensions>rc;ico;cur;bmp;dlg;rc2;rct;bin;rgs;jpg;jpeg;jpe;png;manifest</Extensions>
    </Filter>
    <Filter Include="include\scene">
      <UniqueIdentifier>{ebd59859-7f6b-468e-acdf-dda52c04fdb2}</UniqueIdentifier>
    </Filter>
    <Filter Include="include\object">
      <UniqueIdentifier>{a24084b8-7523-420a-8413-c925c4cadd61}</UniqueIdentifier>
    </Filter>
    <Filter Include="include\object\animal">
      <UniqueIdentifier>{5b61f2f9-0539-4b4d-9c18-aa517ff4ceae}</UniqueIdentifier>
    </Filter>
    <Filter Include="include\manager">
      <UniqueIdentifier>{71f3b2be-1e3c-4cb2-8744-c6221ed8a2d3}</UniqueIdentifier>
    </Filter>
    <Filter Include="source\manager">
      <UniqueIdentifier>{6146e2cb-f0f4-4017-8c58-b020db1537f0}</UniqueIdentifier>
    </Filter>
    <Filter Include="source\object">
      <UniqueIdentifier>{c2ca96e4-1211-4139-91e9-2f0bb025a1dc}</UniqueIdentifier>
    </Filter>
    <Filter Include="source\scene">
      <UniqueIdentifier>{47253638-2a2c-43f2-bd79-2493fa1eefbb}</UniqueIdentifier>
    </Filter>
    <Filter Include="source\object\animal">
      <UniqueIdentifier>{9f9e9646-51d9-46cf-b337-49770a6cdaa7}</UniqueIdentifier>
    </Filter>
  </ItemGroup>
  <ItemGroup>
    <None Include="res\Tamagotchi.ico">
      <Filter>resource</Filter>
    </None>
    <None Include="..\Resources\CloseSelected.png">
      <Filter>resource</Filter>
    </None>
    <None Include="..\Resources\CloseNormal.png">
      <Filter>resource</Filter>
    </None>
    <None Include="..\Resources\HelloWorld.png">
      <Filter>resource</Filter>
    </None>
    <None Include="ClassDiagram1.cd" />
    <None Include="ClassDiagram2.cd" />
  </ItemGroup>
  <ItemGroup>
    <ResourceCompile Include="Tamagotchi.rc">
      <Filter>resource</Filter>
    </ResourceCompile>
  </ItemGroup>
  <ItemGroup>
    <ClInclude Include="resource.h">
      <Filter>include</Filter>
    </ClInclude>
    <ClInclude Include="main.h">
      <Filter>include</Filter>
    </ClInclude>
    <ClInclude Include="BasisScene.h">
      <Filter>include\scene</Filter>
    </ClInclude>
    <ClInclude Include="InGameScene.h">
      <Filter>include\scene</Filter>
    </ClInclude>
    <ClInclude Include="PreparingScene.h">
      <Filter>include\scene</Filter>
    </ClInclude>
    <ClInclude Include="LoadingScene.h">
      <Filter>include\scene</Filter>
    </ClInclude>
    <ClInclude Include="Player.h">
      <Filter>include\object</Filter>
    </ClInclude>
    <ClInclude Include="Lion.h">
      <Filter>include\object\animal</Filter>
    </ClInclude>
    <ClInclude Include="Animal.h">
      <Filter>include\object\animal</Filter>
    </ClInclude>
    <ClInclude Include="Elephant.h">
      <Filter>include\object\animal</Filter>
    </ClInclude>
    <ClInclude Include="Monkey.h">
      <Filter>include\object\animal</Filter>
    </ClInclude>
    <ClInclude Include="Squirrel.h">
      <Filter>include\object\animal</Filter>
    </ClInclude>
    <ClInclude Include="LoginScene.h">
      <Filter>include\scene</Filter>
    </ClInclude>
    <ClInclude Include="NetworkManager.h">
      <Filter>include\manager</Filter>
    </ClInclude>
    <ClInclude Include="UIManager.h">
      <Filter>include\manager</Filter>
    </ClInclude>
    <ClInclude Include="SceneManager.h">
      <Filter>include\manager</Filter>
    </ClInclude>
    <ClInclude Include="DataManager.h">
      <Filter>include\manager</Filter>
    </ClInclude>
    <ClInclude Include="Speaker.h">
      <Filter>include\object</Filter>
    </ClInclude>
    <ClInclude Include="DefaultScene.h">
      <Filter>include</Filter>
    </ClInclude>
    <ClInclude Include="AppDelegate.h">
      <Filter>include</Filter>
    </ClInclude>
    <ClInclude Include="GameStd.h">
      <Filter>include</Filter>
    </ClInclude>
  </ItemGroup>
  <ItemGroup>
    <ClCompile Include="main.cpp">
      <Filter>source</Filter>
    </ClCompile>
    <ClCompile Include="DefaultScene.cpp">
      <Filter>source</Filter>
    </ClCompile>
    <ClCompile Include="Animal.cpp">
      <Filter>source\object\animal</Filter>
    </ClCompile>
    <ClCompile Include="Elephant.cpp">
      <Filter>source\object\animal</Filter>
    </ClCompile>
    <ClCompile Include="DataManager.cpp">
      <Filter>source\manager</Filter>
    </ClCompile>
    <ClCompile Include="BasisScene.cpp">
      <Filter>source\scene</Filter>
    </ClCompile>
    <ClCompile Include="LoadingScene.cpp">
      <Filter>source\scene</Filter>
    </ClCompile>
    <ClCompile Include="InGameScene.cpp">
      <Filter>source\scene</Filter>
    </ClCompile>
    <ClCompile Include="LoginScene.cpp">
      <Filter>source\scene</Filter>
    </ClCompile>
    <ClCompile Include="Lion.cpp">
      <Filter>source\object\animal</Filter>
    </ClCompile>
    <ClCompile Include="Monkey.cpp">
      <Filter>source\object\animal</Filter>
    </ClCompile>
    <ClCompile Include="NetworkManager.cpp">
      <Filter>source\manager</Filter>
    </ClCompile>
    <ClCompile Include="Player.cpp">
      <Filter>source\object</Filter>
    </ClCompile>
    <ClCompile Include="Speaker.cpp">
      <Filter>source\object</Filter>
    </ClCompile>
    <ClCompile Include="Squirrel.cpp">
      <Filter>source\object\animal</Filter>
    </ClCompile>
    <ClCompile Include="UIManager.cpp">
      <Filter>source\manager</Filter>
    </ClCompile>
    <ClCompile Include="SceneManager.cpp">
      <Filter>source\manager</Filter>
    </ClCompile>
    <ClCompile Include="PreparingScene.cpp">
      <Filter>source\scene</Filter>
    </ClCompile>
    <ClCompile Include="AppDelegate.cpp">
      <Filter>source</Filter>
    </ClCompile>
  </ItemGroup>
</Project>